
Microsoft Visual Studio Solution File, Format Version 12.00
# Visual Studio 14
VisualStudioVersion = 14.0.25123.0
MinimumVisualStudioVersion = 10.0.40219.1
Project("{FAE04EC0-301F-11D3-BF4B-00C04F79EFBC}") = "WeatherStation", "WeatherStation\WeatherStation.csproj", "{2CE5B019-906F-4F94-8C44-1EAF25C528EC}"
EndProject
Project("{FAE04EC0-301F-11D3-BF4B-00C04F79EFBC}") = "MicroLiquidCrystal", "Micro Liquid Crystal\MicroLiquidCrystal.csproj", "{B4B72543-E638-44F1-B096-9BBB6BD4698B}"
EndProject
Global
	GlobalSection(SolutionConfigurationPlatforms) = preSolution
		Debug|Any CPU = Debug|Any CPU
		Release|Any CPU = Release|Any CPU
	EndGlobalSection
	GlobalSection(ProjectConfigurationPlatforms) = postSolution
		{2CE5B019-906F-4F94-8C44-1EAF25C528EC}.Debug|Any CPU.ActiveCfg = Debug|Any CPU
		{2CE5B019-906F-4F94-8C44-1EAF25C528EC}.Debug|Any CPU.Build.0 = Debug|Any CPU
		{2CE5B019-906F-4F94-8C44-1EAF25C528EC}.Debug|Any CPU.Deploy.0 = Debug|Any CPU
		{2CE5B019-906F-4F94-8C44-1EAF25C528EC}.Release|Any CPU.ActiveCfg = Release|Any CPU
		{2CE5B019-906F-4F94-8C44-1EAF25C528EC}.Release|Any CPU.Build.0 = Release|Any CPU
		{2CE5B019-906F-4F94-8C44-1EAF25C528EC}.Release|Any CPU.Deploy.0 = Release|Any CPU
		{B4B72543-E638-44F1-B096-9BBB6BD4698B}.Debug|Any CPU.ActiveCfg = Debug|Any CPU
		{B4B72543-E638-44F1-B096-9BBB6BD4698B}.Debug|Any CPU.Build.0 = Debug|Any CPU
		{B4B72543-E638-44F1-B096-9BBB6BD4698B}.Release|Any CPU.ActiveCfg = Release|Any CPU
		{B4B72543-E638-44F1-B096-9BBB6BD4698B}.Release|Any CPU.Build.0 = Release|Any CPU
	EndGlobalSection
	GlobalSection(SolutionProperties) = preSolution
		HideSolutionNode = FALSE
	EndGlobalSection
EndGlobal
